
Microsoft Visual Studio Solution File, Format Version 12.00
# Visual Studio Version 16
VisualStudioVersion = 16.0.29519.181
MinimumVisualStudioVersion = 10.0.40219.1
Project("{9A19103F-16F7-4668-BE54-9A1E7A4F7556}") = "3DSecureKata", "3DSecureKata\3DSecureKata.csproj", "{6D147098-0E08-4CED-8982-61B73B970552}"
EndProject
Project("{FAE04EC0-301F-11D3-BF4B-00C04F79EFBC}") = "3DSecureKata.UnitTest", "3DSecureKata.UnitTest\3DSecureKata.UnitTest.csproj", "{E1688911-0906-4F5D-9C4D-7DDFF6781FA2}"
EndProject
Global
	GlobalSection(SolutionConfigurationPlatforms) = preSolution
		Debug|Any CPU = Debug|Any CPU
		Release|Any CPU = Release|Any CPU
	EndGlobalSection
	GlobalSection(ProjectConfigurationPlatforms) = postSolution
		{6D147098-0E08-4CED-8982-61B73B970552}.Debug|Any CPU.ActiveCfg = Debug|Any CPU
		{6D147098-0E08-4CED-8982-61B73B970552}.Debug|Any CPU.Build.0 = Debug|Any CPU
		{6D147098-0E08-4CED-8982-61B73B970552}.Release|Any CPU.ActiveCfg = Release|Any CPU
		{6D147098-0E08-4CED-8982-61B73B970552}.Release|Any CPU.Build.0 = Release|Any CPU
		{E1688911-0906-4F5D-9C4D-7DDFF6781FA2}.Debug|Any CPU.ActiveCfg = Debug|Any CPU
		{E1688911-0906-4F5D-9C4D-7DDFF6781FA2}.Debug|Any CPU.Build.0 = Debug|Any CPU
		{E1688911-0906-4F5D-9C4D-7DDFF6781FA2}.Release|Any CPU.ActiveCfg = Release|Any CPU
		{E1688911-0906-4F5D-9C4D-7DDFF6781FA2}.Release|Any CPU.Build.0 = Release|Any CPU
	EndGlobalSection
	GlobalSection(SolutionProperties) = preSolution
		HideSolutionNode = FALSE
	EndGlobalSection
	GlobalSection(ExtensibilityGlobals) = postSolution
		SolutionGuid = {4A2C6B42-1D7B-4B49-A0DA-1F4068015846}
	EndGlobalSection
EndGlobal
